
Microsoft Visual Studio Solution File, Format Version 12.00
# Visual Studio 15
VisualStudioVersion = 15.0.28010.2046
MinimumVisualStudioVersion = 10.0.40219.1
Project("{FAE04EC0-301F-11D3-BF4B-00C04F79EFBC}") = "JiraReporter", "JiraReporter.csproj", "{FC2065F9-928F-4E6F-8AB6-948179CA1DA6}"
EndProject
Global
	GlobalSection(SolutionConfigurationPlatforms) = preSolution
		Debug|Any CPU = Debug|Any CPU
		Release|Any CPU = Release|Any CPU
	EndGlobalSection
	GlobalSection(ProjectConfigurationPlatforms) = postSolution
		{FC2065F9-928F-4E6F-8AB6-948179CA1DA6}.Debug|Any CPU.ActiveCfg = Debug|Any CPU
		{FC2065F9-928F-4E6F-8AB6-948179CA1DA6}.Debug|Any CPU.Build.0 = Debug|Any CPU
		{FC2065F9-928F-4E6F-8AB6-948179CA1DA6}.Release|Any CPU.ActiveCfg = Release|Any CPU
		{FC2065F9-928F-4E6F-8AB6-948179CA1DA6}.Release|Any CPU.Build.0 = Release|Any CPU
	EndGlobalSection
	GlobalSection(SolutionProperties) = preSolution
		HideSolutionNode = FALSE
	EndGlobalSection
	GlobalSection(ExtensibilityGlobals) = postSolution
		SolutionGuid = {1D08E6FC-5EC9-4B66-8B2E-F0355DADC155}
	EndGlobalSection
EndGlobal
